
Microsoft Visual Studio Solution File, Format Version 12.00
# Visual Studio 2012
Project("{FAE04EC0-301F-11D3-BF4B-00C04F79EFBC}") = "Puzzle", "Puzzle.csproj", "{61CC41BD-06FA-42E9-A7D4-5C2A1876A124}"
EndProject
Global
	GlobalSection(SolutionConfigurationPlatforms) = preSolution
		Debug|Any CPU = Debug|Any CPU
		Release|Any CPU = Release|Any CPU
	EndGlobalSection
	GlobalSection(ProjectConfigurationPlatforms) = postSolution
		{61CC41BD-06FA-42E9-A7D4-5C2A1876A124}.Debug|Any CPU.ActiveCfg = Debug|Any CPU
		{61CC41BD-06FA-42E9-A7D4-5C2A1876A124}.Debug|Any CPU.Build.0 = Debug|Any CPU
		{61CC41BD-06FA-42E9-A7D4-5C2A1876A124}.Release|Any CPU.ActiveCfg = Release|Any CPU
		{61CC41BD-06FA-42E9-A7D4-5C2A1876A124}.Release|Any CPU.Build.0 = Release|Any CPU
	EndGlobalSection
	GlobalSection(SolutionProperties) = preSolution
		HideSolutionNode = FALSE
	EndGlobalSection
EndGlobal
